
Microsoft Visual Studio Solution File, Format Version 11.00
# Visual Studio 2010
Project("{FAE04EC0-301F-11D3-BF4B-00C04F79EFBC}") = "RoomSearch.Business", "RoomSearch.Business\RoomSearch.Business.csproj", "{806F2979-1649-4B8E-AAD2-3EC618826545}"
EndProject
Project("{FAE04EC0-301F-11D3-BF4B-00C04F79EFBC}") = "RoomSearch.Common", "RoomSearch.Common\RoomSearch.Common.csproj", "{FCE18E85-6A08-4C2E-A04F-7E098B29DCAA}"
EndProject
Project("{FAE04EC0-301F-11D3-BF4B-00C04F79EFBC}") = "RoomSearch.Data", "RoomSearch.Data\RoomSearch.Data.csproj", "{D469A0AC-00FF-445E-A9E4-721D4B1CF846}"
EndProject
Project("{FAE04EC0-301F-11D3-BF4B-00C04F79EFBC}") = "RoomSearch.Web.UI", "RoomSearch.Web.UI\RoomSearch.Web.UI.csproj", "{06490B2E-4833-489F-87A4-4327814F21EF}"
EndProject
Project("{FAE04EC0-301F-11D3-BF4B-00C04F79EFBC}") = "RoomSearch.CollectorEngine", "RoomSearch.CollectorEngine\RoomSearch.CollectorEngine.csproj", "{F1D6A4EF-AC21-4EC0-8E7D-36F80B0575C0}"
	ProjectSection(ProjectDependencies) = postProject
		{06490B2E-4833-489F-87A4-4327814F21EF} = {06490B2E-4833-489F-87A4-4327814F21EF}
	EndProjectSection
EndProject
Project("{54435603-DBB4-11D2-8724-00A0C9A8B90C}") = "RoomSearch.CollectorEngine.Installer", "RoomSearch.CollectorEngine.Installer\RoomSearch.CollectorEngine.Installer.vdproj", "{3BCD4209-28E0-4AF1-9A5C-591649D38647}"
EndProject
Project("{FAE04EC0-301F-11D3-BF4B-00C04F79EFBC}") = "RoomSearch.CollectorEngine.Realestate", "RoomSearch.CollectorEngine.Realestate\RoomSearch.CollectorEngine.Realestate.csproj", "{980D8495-5506-43E7-BADB-70E2FE29E7D2}"
	ProjectSection(ProjectDependencies) = postProject
		{06490B2E-4833-489F-87A4-4327814F21EF} = {06490B2E-4833-489F-87A4-4327814F21EF}
	EndProjectSection
EndProject
Project("{54435603-DBB4-11D2-8724-00A0C9A8B90C}") = "RoomSearch.CollectorEngine.Realestate.Installer", "RoomSearch.CollectorEngine.Realestate.Installer\RoomSearch.CollectorEngine.Realestate.Installer.vdproj", "{47C4A134-1B9C-4DB2-95B2-A153DF94F1C5}"
EndProject
Global
	GlobalSection(SolutionConfigurationPlatforms) = preSolution
		Debug|Any CPU = Debug|Any CPU
		Debug|Mixed Platforms = Debug|Mixed Platforms
		Debug|x86 = Debug|x86
		PROD|Any CPU = PROD|Any CPU
		PROD|Mixed Platforms = PROD|Mixed Platforms
		PROD|x86 = PROD|x86
		Release|Any CPU = Release|Any CPU
		Release|Mixed Platforms = Release|Mixed Platforms
		Release|x86 = Release|x86
		TEST|Any CPU = TEST|Any CPU
		TEST|Mixed Platforms = TEST|Mixed Platforms
		TEST|x86 = TEST|x86
	EndGlobalSection
	GlobalSection(ProjectConfigurationPlatforms) = postSolution
		{806F2979-1649-4B8E-AAD2-3EC618826545}.Debug|Any CPU.ActiveCfg = Debug|Any CPU
		{806F2979-1649-4B8E-AAD2-3EC618826545}.Debug|Any CPU.Build.0 = Debug|Any CPU
		{806F2979-1649-4B8E-AAD2-3EC618826545}.Debug|Mixed Platforms.ActiveCfg = Debug|Any CPU
		{806F2979-1649-4B8E-AAD2-3EC618826545}.Debug|Mixed Platforms.Build.0 = Debug|Any CPU
		{806F2979-1649-4B8E-AAD2-3EC618826545}.Debug|x86.ActiveCfg = Debug|Any CPU
		{806F2979-1649-4B8E-AAD2-3EC618826545}.PROD|Any CPU.ActiveCfg = Release|Any CPU
		{806F2979-1649-4B8E-AAD2-3EC618826545}.PROD|Any CPU.Build.0 = Release|Any CPU
		{806F2979-1649-4B8E-AAD2-3EC618826545}.PROD|Mixed Platforms.ActiveCfg = Release|Any CPU
		{806F2979-1649-4B8E-AAD2-3EC618826545}.PROD|Mixed Platforms.Build.0 = Release|Any CPU
		{806F2979-1649-4B8E-AAD2-3EC618826545}.PROD|x86.ActiveCfg = Release|Any CPU
		{806F2979-1649-4B8E-AAD2-3EC618826545}.Release|Any CPU.ActiveCfg = Release|Any CPU
		{806F2979-1649-4B8E-AAD2-3EC618826545}.Release|Any CPU.Build.0 = Release|Any CPU
		{806F2979-1649-4B8E-AAD2-3EC618826545}.Release|Mixed Platforms.ActiveCfg = Release|Any CPU
		{806F2979-1649-4B8E-AAD2-3EC618826545}.Release|Mixed Platforms.Build.0 = Release|Any CPU
		{806F2979-1649-4B8E-AAD2-3EC618826545}.Release|x86.ActiveCfg = Release|Any CPU
		{806F2979-1649-4B8E-AAD2-3EC618826545}.TEST|Any CPU.ActiveCfg = Release|Any CPU
		{806F2979-1649-4B8E-AAD2-3EC618826545}.TEST|Any CPU.Build.0 = Release|Any CPU
		{806F2979-1649-4B8E-AAD2-3EC618826545}.TEST|Mixed Platforms.ActiveCfg = Release|Any CPU
		{806F2979-1649-4B8E-AAD2-3EC618826545}.TEST|Mixed Platforms.Build.0 = Release|Any CPU
		{806F2979-1649-4B8E-AAD2-3EC618826545}.TEST|x86.ActiveCfg = Release|Any CPU
		{FCE18E85-6A08-4C2E-A04F-7E098B29DCAA}.Debug|Any CPU.ActiveCfg = Debug|Any CPU
		{FCE18E85-6A08-4C2E-A04F-7E098B29DCAA}.Debug|Any CPU.Build.0 = Debug|Any CPU
		{FCE18E85-6A08-4C2E-A04F-7E098B29DCAA}.Debug|Mixed Platforms.ActiveCfg = Debug|Any CPU
		{FCE18E85-6A08-4C2E-A04F-7E098B29DCAA}.Debug|Mixed Platforms.Build.0 = Debug|Any CPU
		{FCE18E85-6A08-4C2E-A04F-7E098B29DCAA}.Debug|x86.ActiveCfg = Debug|Any CPU
		{FCE18E85-6A08-4C2E-A04F-7E098B29DCAA}.PROD|Any CPU.ActiveCfg = Release|Any CPU
		{FCE18E85-6A08-4C2E-A04F-7E098B29DCAA}.PROD|Any CPU.Build.0 = Release|Any CPU
		{FCE18E85-6A08-4C2E-A04F-7E098B29DCAA}.PROD|Mixed Platforms.ActiveCfg = Release|Any CPU
		{FCE18E85-6A08-4C2E-A04F-7E098B29DCAA}.PROD|Mixed Platforms.Build.0 = Release|Any CPU
		{FCE18E85-6A08-4C2E-A04F-7E098B29DCAA}.PROD|x86.ActiveCfg = Release|Any CPU
		{FCE18E85-6A08-4C2E-A04F-7E098B29DCAA}.Release|Any CPU.ActiveCfg = Release|Any CPU
		{FCE18E85-6A08-4C2E-A04F-7E098B29DCAA}.Release|Any CPU.Build.0 = Release|Any CPU
		{FCE18E85-6A08-4C2E-A04F-7E098B29DCAA}.Release|Mixed Platforms.ActiveCfg = Release|Any CPU
		{FCE18E85-6A08-4C2E-A04F-7E098B29DCAA}.Release|Mixed Platforms.Build.0 = Release|Any CPU
		{FCE18E85-6A08-4C2E-A04F-7E098B29DCAA}.Release|x86.ActiveCfg = Release|Any CPU
		{FCE18E85-6A08-4C2E-A04F-7E098B29DCAA}.TEST|Any CPU.ActiveCfg = Release|Any CPU
		{FCE18E85-6A08-4C2E-A04F-7E098B29DCAA}.TEST|Any CPU.Build.0 = Release|Any CPU
		{FCE18E85-6A08-4C2E-A04F-7E098B29DCAA}.TEST|Mixed Platforms.ActiveCfg = Release|Any CPU
		{FCE18E85-6A08-4C2E-A04F-7E098B29DCAA}.TEST|Mixed Platforms.Build.0 = Release|Any CPU
		{FCE18E85-6A08-4C2E-A04F-7E098B29DCAA}.TEST|x86.ActiveCfg = Release|Any CPU
		{D469A0AC-00FF-445E-A9E4-721D4B1CF846}.Debug|Any CPU.ActiveCfg = Debug|Any CPU
		{D469A0AC-00FF-445E-A9E4-721D4B1CF846}.Debug|Any CPU.Build.0 = Debug|Any CPU
		{D469A0AC-00FF-445E-A9E4-721D4B1CF846}.Debug|Mixed Platforms.ActiveCfg = Debug|Any CPU
		{D469A0AC-00FF-445E-A9E4-721D4B1CF846}.Debug|Mixed Platforms.Build.0 = Debug|Any CPU
		{D469A0AC-00FF-445E-A9E4-721D4B1CF846}.Debug|x86.ActiveCfg = Debug|Any CPU
		{D469A0AC-00FF-445E-A9E4-721D4B1CF846}.PROD|Any CPU.ActiveCfg = Release|Any CPU
		{D469A0AC-00FF-445E-A9E4-721D4B1CF846}.PROD|Any CPU.Build.0 = Release|Any CPU
		{D469A0AC-00FF-445E-A9E4-721D4B1CF846}.PROD|Mixed Platforms.ActiveCfg = Release|Any CPU
		{D469A0AC-00FF-445E-A9E4-721D4B1CF846}.PROD|Mixed Platforms.Build.0 = Release|Any CPU
		{D469A0AC-00FF-445E-A9E4-721D4B1CF846}.PROD|x86.ActiveCfg = Release|Any CPU
		{D469A0AC-00FF-445E-A9E4-721D4B1CF846}.Release|Any CPU.ActiveCfg = Release|Any CPU
		{D469A0AC-00FF-445E-A9E4-721D4B1CF846}.Release|Any CPU.Build.0 = Release|Any CPU
		{D469A0AC-00FF-445E-A9E4-721D4B1CF846}.Release|Mixed Platforms.ActiveCfg = Release|Any CPU
		{D469A0AC-00FF-445E-A9E4-721D4B1CF846}.Release|Mixed Platforms.Build.0 = Release|Any CPU
		{D469A0AC-00FF-445E-A9E4-721D4B1CF846}.Release|x86.ActiveCfg = Release|Any CPU
		{D469A0AC-00FF-445E-A9E4-721D4B1CF846}.TEST|Any CPU.ActiveCfg = Release|Any CPU
		{D469A0AC-00FF-445E-A9E4-721D4B1CF846}.TEST|Any CPU.Build.0 = Release|Any CPU
		{D469A0AC-00FF-445E-A9E4-721D4B1CF846}.TEST|Mixed Platforms.ActiveCfg = Release|Any CPU
		{D469A0AC-00FF-445E-A9E4-721D4B1CF846}.TEST|Mixed Platforms.Build.0 = Release|Any CPU
		{D469A0AC-00FF-445E-A9E4-721D4B1CF846}.TEST|x86.ActiveCfg = Release|Any CPU
		{06490B2E-4833-489F-87A4-4327814F21EF}.Debug|Any CPU.ActiveCfg = Debug|Any CPU
		{06490B2E-4833-489F-87A4-4327814F21EF}.Debug|Any CPU.Build.0 = Debug|Any CPU
		{06490B2E-4833-489F-87A4-4327814F21EF}.Debug|Mixed Platforms.ActiveCfg = Debug|Any CPU
		{06490B2E-4833-489F-87A4-4327814F21EF}.Debug|Mixed Platforms.Build.0 = Debug|Any CPU
		{06490B2E-4833-489F-87A4-4327814F21EF}.Debug|x86.ActiveCfg = Debug|Any CPU
		{06490B2E-4833-489F-87A4-4327814F21EF}.PROD|Any CPU.ActiveCfg = PROD|Any CPU
		{06490B2E-4833-489F-87A4-4327814F21EF}.PROD|Any CPU.Build.0 = PROD|Any CPU
		{06490B2E-4833-489F-87A4-4327814F21EF}.PROD|Mixed Platforms.ActiveCfg = PROD|Any CPU
		{06490B2E-4833-489F-87A4-4327814F21EF}.PROD|Mixed Platforms.Build.0 = PROD|Any CPU
		{06490B2E-4833-489F-87A4-4327814F21EF}.PROD|x86.ActiveCfg = PROD|Any CPU
		{06490B2E-4833-489F-87A4-4327814F21EF}.Release|Any CPU.ActiveCfg = Release|Any CPU
		{06490B2E-4833-489F-87A4-4327814F21EF}.Release|Any CPU.Build.0 = Release|Any CPU
		{06490B2E-4833-489F-87A4-4327814F21EF}.Release|Mixed Platforms.ActiveCfg = Release|Any CPU
		{06490B2E-4833-489F-87A4-4327814F21EF}.Release|Mixed Platforms.Build.0 = Release|Any CPU
		{06490B2E-4833-489F-87A4-4327814F21EF}.Release|x86.ActiveCfg = Release|Any CPU
		{06490B2E-4833-489F-87A4-4327814F21EF}.TEST|Any CPU.ActiveCfg = TEST|Any CPU
		{06490B2E-4833-489F-87A4-4327814F21EF}.TEST|Any CPU.Build.0 = TEST|Any CPU
		{06490B2E-4833-489F-87A4-4327814F21EF}.TEST|Mixed Platforms.ActiveCfg = TEST|Any CPU
		{06490B2E-4833-489F-87A4-4327814F21EF}.TEST|Mixed Platforms.Build.0 = TEST|Any CPU
		{06490B2E-4833-489F-87A4-4327814F21EF}.TEST|x86.ActiveCfg = TEST|Any CPU
		{F1D6A4EF-AC21-4EC0-8E7D-36F80B0575C0}.Debug|Any CPU.ActiveCfg = Debug|x86
		{F1D6A4EF-AC21-4EC0-8E7D-36F80B0575C0}.Debug|Mixed Platforms.ActiveCfg = Debug|x86
		{F1D6A4EF-AC21-4EC0-8E7D-36F80B0575C0}.Debug|Mixed Platforms.Build.0 = Debug|x86
		{F1D6A4EF-AC21-4EC0-8E7D-36F80B0575C0}.Debug|x86.ActiveCfg = Debug|x86
		{F1D6A4EF-AC21-4EC0-8E7D-36F80B0575C0}.Debug|x86.Build.0 = Debug|x86
		{F1D6A4EF-AC21-4EC0-8E7D-36F80B0575C0}.PROD|Any CPU.ActiveCfg = Release|x86
		{F1D6A4EF-AC21-4EC0-8E7D-36F80B0575C0}.PROD|Mixed Platforms.ActiveCfg = Release|x86
		{F1D6A4EF-AC21-4EC0-8E7D-36F80B0575C0}.PROD|Mixed Platforms.Build.0 = Release|x86
		{F1D6A4EF-AC21-4EC0-8E7D-36F80B0575C0}.PROD|x86.ActiveCfg = Release|x86
		{F1D6A4EF-AC21-4EC0-8E7D-36F80B0575C0}.PROD|x86.Build.0 = Release|x86
		{F1D6A4EF-AC21-4EC0-8E7D-36F80B0575C0}.Release|Any CPU.ActiveCfg = Release|x86
		{F1D6A4EF-AC21-4EC0-8E7D-36F80B0575C0}.Release|Mixed Platforms.ActiveCfg = Release|x86
		{F1D6A4EF-AC21-4EC0-8E7D-36F80B0575C0}.Release|Mixed Platforms.Build.0 = Release|x86
		{F1D6A4EF-AC21-4EC0-8E7D-36F80B0575C0}.Release|x86.ActiveCfg = Release|x86
		{F1D6A4EF-AC21-4EC0-8E7D-36F80B0575C0}.Release|x86.Build.0 = Release|x86
		{F1D6A4EF-AC21-4EC0-8E7D-36F80B0575C0}.TEST|Any CPU.ActiveCfg = Release|x86
		{F1D6A4EF-AC21-4EC0-8E7D-36F80B0575C0}.TEST|Mixed Platforms.ActiveCfg = Release|x86
		{F1D6A4EF-AC21-4EC0-8E7D-36F80B0575C0}.TEST|Mixed Platforms.Build.0 = Release|x86
		{F1D6A4EF-AC21-4EC0-8E7D-36F80B0575C0}.TEST|x86.ActiveCfg = Release|x86
		{F1D6A4EF-AC21-4EC0-8E7D-36F80B0575C0}.TEST|x86.Build.0 = Release|x86
		{3BCD4209-28E0-4AF1-9A5C-591649D38647}.Debug|Any CPU.ActiveCfg = Debug
		{3BCD4209-28E0-4AF1-9A5C-591649D38647}.Debug|Mixed Platforms.ActiveCfg = Debug
		{3BCD4209-28E0-4AF1-9A5C-591649D38647}.Debug|x86.ActiveCfg = Debug
		{3BCD4209-28E0-4AF1-9A5C-591649D38647}.PROD|Any CPU.ActiveCfg = Release
		{3BCD4209-28E0-4AF1-9A5C-591649D38647}.PROD|Mixed Platforms.ActiveCfg = Release
		{3BCD4209-28E0-4AF1-9A5C-591649D38647}.PROD|x86.ActiveCfg = Release
		{3BCD4209-28E0-4AF1-9A5C-591649D38647}.Release|Any CPU.ActiveCfg = Release
		{3BCD4209-28E0-4AF1-9A5C-591649D38647}.Release|Mixed Platforms.ActiveCfg = Release
		{3BCD4209-28E0-4AF1-9A5C-591649D38647}.Release|x86.ActiveCfg = Release
		{3BCD4209-28E0-4AF1-9A5C-591649D38647}.TEST|Any CPU.ActiveCfg = Release
		{3BCD4209-28E0-4AF1-9A5C-591649D38647}.TEST|Mixed Platforms.ActiveCfg = Release
		{3BCD4209-28E0-4AF1-9A5C-591649D38647}.TEST|x86.ActiveCfg = Release
		{980D8495-5506-43E7-BADB-70E2FE29E7D2}.Debug|Any CPU.ActiveCfg = Debug|x86
		{980D8495-5506-43E7-BADB-70E2FE29E7D2}.Debug|Mixed Platforms.ActiveCfg = Debug|x86
		{980D8495-5506-43E7-BADB-70E2FE29E7D2}.Debug|Mixed Platforms.Build.0 = Debug|x86
		{980D8495-5506-43E7-BADB-70E2FE29E7D2}.Debug|x86.ActiveCfg = Debug|x86
		{980D8495-5506-43E7-BADB-70E2FE29E7D2}.Debug|x86.Build.0 = Debug|x86
		{980D8495-5506-43E7-BADB-70E2FE29E7D2}.PROD|Any CPU.ActiveCfg = Release|x86
		{980D8495-5506-43E7-BADB-70E2FE29E7D2}.PROD|Mixed Platforms.ActiveCfg = Release|x86
		{980D8495-5506-43E7-BADB-70E2FE29E7D2}.PROD|Mixed Platforms.Build.0 = Release|x86
		{980D8495-5506-43E7-BADB-70E2FE29E7D2}.PROD|x86.ActiveCfg = Release|x86
		{980D8495-5506-43E7-BADB-70E2FE29E7D2}.PROD|x86.Build.0 = Release|x86
		{980D8495-5506-43E7-BADB-70E2FE29E7D2}.Release|Any CPU.ActiveCfg = Release|x86
		{980D8495-5506-43E7-BADB-70E2FE29E7D2}.Release|Mixed Platforms.ActiveCfg = Release|x86
		{980D8495-5506-43E7-BADB-70E2FE29E7D2}.Release|Mixed Platforms.Build.0 = Release|x86
		{980D8495-5506-43E7-BADB-70E2FE29E7D2}.Release|x86.ActiveCfg = Release|x86
		{980D8495-5506-43E7-BADB-70E2FE29E7D2}.Release|x86.Build.0 = Release|x86
		{980D8495-5506-43E7-BADB-70E2FE29E7D2}.TEST|Any CPU.ActiveCfg = Release|x86
		{980D8495-5506-43E7-BADB-70E2FE29E7D2}.TEST|Mixed Platforms.ActiveCfg = Release|x86
		{980D8495-5506-43E7-BADB-70E2FE29E7D2}.TEST|Mixed Platforms.Build.0 = Release|x86
		{980D8495-5506-43E7-BADB-70E2FE29E7D2}.TEST|x86.ActiveCfg = Release|x86
		{980D8495-5506-43E7-BADB-70E2FE29E7D2}.TEST|x86.Build.0 = Release|x86
		{47C4A134-1B9C-4DB2-95B2-A153DF94F1C5}.Debug|Any CPU.ActiveCfg = Debug
		{47C4A134-1B9C-4DB2-95B2-A153DF94F1C5}.Debug|Mixed Platforms.ActiveCfg = Debug
		{47C4A134-1B9C-4DB2-95B2-A153DF94F1C5}.Debug|x86.ActiveCfg = Debug
		{47C4A134-1B9C-4DB2-95B2-A153DF94F1C5}.PROD|Any CPU.ActiveCfg = Release
		{47C4A134-1B9C-4DB2-95B2-A153DF94F1C5}.PROD|Mixed Platforms.ActiveCfg = Release
		{47C4A134-1B9C-4DB2-95B2-A153DF94F1C5}.PROD|x86.ActiveCfg = Release
		{47C4A134-1B9C-4DB2-95B2-A153DF94F1C5}.Release|Any CPU.ActiveCfg = Release
		{47C4A134-1B9C-4DB2-95B2-A153DF94F1C5}.Release|Mixed Platforms.ActiveCfg = Release
		{47C4A134-1B9C-4DB2-95B2-A153DF94F1C5}.Release|x86.ActiveCfg = Release
		{47C4A134-1B9C-4DB2-95B2-A153DF94F1C5}.TEST|Any CPU.ActiveCfg = Release
		{47C4A134-1B9C-4DB2-95B2-A153DF94F1C5}.TEST|Mixed Platforms.ActiveCfg = Release
		{47C4A134-1B9C-4DB2-95B2-A153DF94F1C5}.TEST|x86.ActiveCfg = Release
	EndGlobalSection
	GlobalSection(SolutionProperties) = preSolution
		HideSolutionNode = FALSE
	EndGlobalSection
EndGlobal
